// !$*UTF8*$!
{
	archiveVersion = 1;
	classes = {
	};
	objectVersion = 48;
	objects = {

/* Begin PBXBuildFile section */
		A278A79D205102BF002864B6 /* AppDelegate.swift in Sources */ = {isa = PBXBuildFile; fileRef = A278A79C205102BF002864B6 /* AppDelegate.swift */; };
		A278A79F205102C0002864B6 /* ViewController.swift in Sources */ = {isa = PBXBuildFile; fileRef = A278A79E205102C0002864B6 /* ViewController.swift */; };
		A278A7A2205102C0002864B6 /* Main.storyboard in Resources */ = {isa = PBXBuildFile; fileRef = A278A7A0205102C0002864B6 /* Main.storyboard */; };
		A278A7A4205102C0002864B6 /* Assets.xcassets in Resources */ = {isa = PBXBuildFile; fileRef = A278A7A3205102C0002864B6 /* Assets.xcassets */; };
		A278A7A7205102C0002864B6 /* LaunchScreen.storyboard in Resources */ = {isa = PBXBuildFile; fileRef = A278A7A5205102C0002864B6 /* LaunchScreen.storyboard */; };
		A278A7B2205102C0002864B6 /* TipsterTests.swift in Sources */ = {isa = PBXBuildFile; fileRef = A278A7B1205102C0002864B6 /* TipsterTests.swift */; };
		A278A7BD205102C0002864B6 /* TipsterUITests.swift in Sources */ = {isa = PBXBuildFile; fileRef = A278A7BC205102C0002864B6 /* TipsterUITests.swift */; };
/* End PBXBuildFile section */

/* Begin PBXContainerItemProxy section */
		A278A7AE205102C0002864B6 /* PBXContainerItemProxy */ = {
			isa = PBXContainerItemProxy;
			containerPortal = A278A791205102BF002864B6 /* Project object */;
			proxyType = 1;
			remoteGlobalIDString = A278A798205102BF002864B6;
			remoteInfo = Tipster;
		};
		A278A7B9205102C0002864B6 /* PBXContainerItemProxy */ = {
			isa = PBXContainerItemProxy;
			containerPortal = A278A791205102BF002864B6 /* Project object */;
			proxyType = 1;
			remoteGlobalIDString = A278A798205102BF002864B6;
			remoteInfo = Tipster;
		};
/* End PBXContainerItemProxy section */

/* Begin PBXFileReference section */
		A278A799205102BF002864B6 /* Tipster.app */ = {isa = PBXFileReference; explicitFileType = wrapper.application; includeInIndex = 0; path = Tipster.app; sourceTree = BUILT_PRODUCTS_DIR; };
		A278A79C205102BF002864B6 /* AppDelegate.swift */ = {isa = PBXFileReference; lastKnownFileType = sourcecode.swift; path = AppDelegate.swift; sourceTree = "<group>"; };
		A278A79E205102C0002864B6 /* ViewController.swift */ = {isa = PBXFileReference; lastKnownFileType = sourcecode.swift; path = ViewController.swift; sourceTree = "<group>"; };
		A278A7A1205102C0002864B6 /* Base */ = {isa = PBXFileReference; lastKnownFileType = file.storyboard; name = Base; path = Base.lproj/Main.storyboard; sourceTree = "<group>"; };
		A278A7A3205102C0002864B6 /* Assets.xcassets */ = {isa = PBXFileReference; lastKnownFileType = folder.assetcatalog; path = Assets.xcassets; sourceTree = "<group>"; };
		A278A7A6205102C0002864B6 /* Base */ = {isa = PBXFileReference; lastKnownFileType = file.storyboard; name = Base; path = Base.lproj/LaunchScreen.storyboard; sourceTree = "<group>"; };
		A278A7A8205102C0002864B6 /* Info.plist */ = {isa = PBXFileReference; lastKnownFileType = text.plist.xml; path = Info.plist; sourceTree = "<group>"; };
		A278A7AD205102C0002864B6 /* TipsterTests.xctest */ = {isa = PBXFileReference; explicitFileType = wrapper.cfbundle; includeInIndex = 0; path = TipsterTests.xctest; sourceTree = BUILT_PRODUCTS_DIR; };
		A278A7B1205102C0002864B6 /* TipsterTests.swift */ = {isa = PBXFileReference; lastKnownFileType = sourcecode.swift; path = TipsterTests.swift; sourceTree = "<group>"; };
		A278A7B3205102C0002864B6 /* Info.plist */ = {isa = PBXFileReference; lastKnownFileType = text.plist.xml; path = Info.plist; sourceTree = "<group>"; };
		A278A7B8205102C0002864B6 /* TipsterUITests.xctest */ = {isa = PBXFileReference; explicitFileType = wrapper.cfbundle; includeInIndex = 0; path = TipsterUITests.xctest; sourceTree = BUILT_PRODUCTS_DIR; };
		A278A7BC205102C0002864B6 /* TipsterUITests.swift */ = {isa = PBXFileReference; lastKnownFileType = sourcecode.swift; path = TipsterUITests.swift; sourceTree = "<group>"; };
		A278A7BE205102C0002864B6 /* Info.plist */ = {isa = PBXFileReference; lastKnownFileType = text.plist.xml; path = Info.plist; sourceTree = "<group>"; };
/* End PBXFileReference section */

/* Begin PBXFrameworksBuildPhase section */
		A278A796205102BF002864B6 /* Frameworks */ = {
			isa = PBXFrameworksBuildPhase;
			buildActionMask = 2147483647;
			files = (
			);
			runOnlyForDeploymentPostprocessing = 0;
		};
		A278A7AA205102C0002864B6 /* Frameworks */ = {
			isa = PBXFrameworksBuildPhase;
			buildActionMask = 2147483647;
			files = (
			);
			runOnlyForDeploymentPostprocessing = 0;
		};
		A278A7B5205102C0002864B6 /* Frameworks */ = {
			isa = PBXFrameworksBuildPhase;
			buildActionMask = 2147483647;
			files = (
			);
			runOnlyForDeploymentPostprocessing = 0;
		};
/* End PBXFrameworksBuildPhase section */

/* Begin PBXGroup section */
		A278A790205102BF002864B6 = {
			isa = PBXGroup;
			children = (
				A278A79B205102BF002864B6 /* Tipster */,
				A278A7B0205102C0002864B6 /* TipsterTests */,
				A278A7BB205102C0002864B6 /* TipsterUITests */,
				A278A79A205102BF002864B6 /* Products */,
			);
			sourceTree = "<group>";
		};
		A278A79A205102BF002864B6 /* Products */ = {
			isa = PBXGroup;
			children = (
				A278A799205102BF002864B6 /* Tipster.app */,
				A278A7AD205102C0002864B6 /* TipsterTests.xctest */,
				A278A7B8205102C0002864B6 /* TipsterUITests.xctest */,
			);
			name = Products;
			sourceTree = "<group>";
		};
		A278A79B205102BF002864B6 /* Tipster */ = {
			isa = PBXGroup;
			children = (
				A278A79C205102BF002864B6 /* AppDelegate.swift */,
				A278A79E205102C0002864B6 /* ViewController.swift */,
				A278A7A0205102C0002864B6 /* Main.storyboard */,
				A278A7A3205102C0002864B6 /* Assets.xcassets */,
				A278A7A5205102C0002864B6 /* LaunchScreen.storyboard */,
				A278A7A8205102C0002864B6 /* Info.plist */,
			);
			path = Tipster;
			sourceTree = "<group>";
		};
		A278A7B0205102C0002864B6 /* TipsterTests */ = {
			isa = PBXGroup;
			children = (
				A278A7B1205102C0002864B6 /* TipsterTests.swift */,
				A278A7B3205102C0002864B6 /* Info.plist */,
			);
			path = TipsterTests;
			sourceTree = "<group>";
		};
		A278A7BB205102C0002864B6 /* TipsterUITests */ = {
			isa = PBXGroup;
			children = (
				A278A7BC205102C0002864B6 /* TipsterUITests.swift */,
				A278A7BE205102C0002864B6 /* Info.plist */,
			);
			path = TipsterUITests;
			sourceTree = "<group>";
		};
/* End PBXGroup section */

/* Begin PBXNativeTarget section */
		A278A798205102BF002864B6 /* Tipster */ = {
			isa = PBXNativeTarget;
			buildConfigurationList = A278A7C1205102C0002864B6 /* Build configuration list for PBXNativeTarget "Tipster" */;
			buildPhases = (
				A278A795205102BF002864B6 /* Sources */,
				A278A796205102BF002864B6 /* Frameworks */,
				A278A797205102BF002864B6 /* Resources */,
			);
			buildRules = (
			);
			dependencies = (
			);
			name = Tipster;
			productName = Tipster;
			productReference = A278A799205102BF002864B6 /* Tipster.app */;
			productType = "com.apple.product-type.application";
		};
		A278A7AC205102C0002864B6 /* TipsterTests */ = {
			isa = PBXNativeTarget;
			buildConfigurationList = A278A7C4205102C0002864B6 /* Build configuration list for PBXNativeTarget "TipsterTests" */;
			buildPhases = (
				A278A7A9205102C0002864B6 /* Sources */,
				A278A7AA205102C0002864B6 /* Frameworks */,
				A278A7AB205102C0002864B6 /* Resources */,
			);
			buildRules = (
			);
			dependencies = (
				A278A7AF205102C0002864B6 /* PBXTargetDependency */,
			);
			name = TipsterTests;
			productName = TipsterTests;
			productReference = A278A7AD205102C0002864B6 /* TipsterTests.xctest */;
			productType = "com.apple.product-type.bundle.unit-test";
		};
		A278A7B7205102C0002864B6 /* TipsterUITests */ = {
			isa = PBXNativeTarget;
			buildConfigurationList = A278A7C7205102C0002864B6 /* Build configuration list for PBXNativeTarget "TipsterUITests" */;
			buildPhases = (
				A278A7B4205102C0002864B6 /* Sources */,
				A278A7B5205102C0002864B6 /* Frameworks */,
				A278A7B6205102C0002864B6 /* Resources */,
			);
			buildRules = (
			);
			dependencies = (
				A278A7BA205102C0002864B6 /* PBXTargetDependency */,
			);
			name = TipsterUITests;
			productName = TipsterUITests;
			productReference = A278A7B8205102C0002864B6 /* TipsterUITests.xctest */;
			productType = "com.apple.product-type.bundle.ui-testing";
		};
/* End PBXNativeTarget section */

/* Begin PBXProject section */
		A278A791205102BF002864B6 /* Project object */ = {
			isa = PBXProject;
			attributes = {
				LastSwiftUpdateCheck = 0920;
				LastUpgradeCheck = 0920;
				ORGANIZATIONNAME = DINDIN;
				TargetAttributes = {
					A278A798205102BF002864B6 = {
						CreatedOnToolsVersion = 9.2;
						ProvisioningStyle = Manual;
					};
					A278A7AC205102C0002864B6 = {
						CreatedOnToolsVersion = 9.2;
						ProvisioningStyle = Automatic;
						TestTargetID = A278A798205102BF002864B6;
					};
					A278A7B7205102C0002864B6 = {
						CreatedOnToolsVersion = 9.2;
						ProvisioningStyle = Automatic;
						TestTargetID = A278A798205102BF002864B6;
					};
				};
			};
			buildConfigurationList = A278A794205102BF002864B6 /* Build configuration list for PBXProject "Tipster" */;
			compatibilityVersion = "Xcode 8.0";
			developmentRegion = en;
			hasScannedForEncodings = 0;
			knownRegions = (
				en,
				Base,
			);
			mainGroup = A278A790205102BF002864B6;
			productRefGroup = A278A79A205102BF002864B6 /* Products */;
			projectDirPath = "";
			projectRoot = "";
			targets = (
				A278A798205102BF002864B6 /* Tipster */,
				A278A7AC205102C0002864B6 /* TipsterTests */,
				A278A7B7205102C0002864B6 /* TipsterUITests */,
			);
		};
/* End PBXProject section */

/* Begin PBXResourcesBuildPhase section */
		A278A797205102BF002864B6 /* Resources */ = {
			isa = PBXResourcesBuildPhase;
			buildActionMask = 2147483647;
			files = (
				A278A7A7205102C0002864B6 /* LaunchScreen.storyboard in Resources */,
				A278A7A4205102C0002864B6 /* Assets.xcassets in Resources */,
				A278A7A2205102C0002864B6 /* Main.storyboard in Resources */,
			);
			runOnlyForDeploymentPostprocessing = 0;
		};
		A278A7AB205102C0002864B6 /* Resources */ = {
			isa = PBXResourcesBuildPhase;
			buildActionMask = 2147483647;
			files = (
			);
			runOnlyForDeploymentPostprocessing = 0;
		};
		A278A7B6205102C0002864B6 /* Resources */ = {
			isa = PBXResourcesBuildPhase;
			buildActionMask = 2147483647;
			files = (
			);
			runOnlyForDeploymentPostprocessing = 0;
		};
/* End PBXResourcesBuildPhase section */

/* Begin PBXSourcesBuildPhase section */
		A278A795205102BF002864B6 /* Sources */ = {
			isa = PBXSourcesBuildPhase;
			buildActionMask = 2147483647;
			files = (
				A278A79F205102C0002864B6 /* ViewController.swift in Sources */,
				A278A79D205102BF002864B6 /* AppDelegate.swift in Sources */,
			);
			runOnlyForDeploymentPostprocessing = 0;
		};
		A278A7A9205102C0002864B6 /* Sources */ = {
			isa = PBXSourcesBuildPhase;
			buildActionMask = 2147483647;
			files = (
				A278A7B2205102C0002864B6 /* TipsterTests.swift in Sources */,
			);
			runOnlyForDeploymentPostprocessing = 0;
		};
		A278A7B4205102C0002864B6 /* Sources */ = {
			isa = PBXSourcesBuildPhase;
			buildActionMask = 2147483647;
			files = (
				A278A7BD205102C0002864B6 /* TipsterUITests.swift in Sources */,
			);
			runOnlyForDeploymentPostprocessing = 0;
		};
/* End PBXSourcesBuildPhase section */

/* Begin PBXTargetDependency section */
		A278A7AF205102C0002864B6 /* PBXTargetDependency */ = {
			isa = PBXTargetDependency;
			target = A278A798205102BF002864B6 /* Tipster */;
			targetProxy = A278A7AE205102C0002864B6 /* PBXContainerItemProxy */;
		};
		A278A7BA205102C0002864B6 /* PBXTargetDependency */ = {
			isa = PBXTargetDependency;
			target = A278A798205102BF002864B6 /* Tipster */;
			targetProxy = A278A7B9205102C0002864B6 /* PBXContainerItemProxy */;
		};
/* End PBXTargetDependency section */

/* Begin PBXVariantGroup section */
		A278A7A0205102C0002864B6 /* Main.storyboard */ = {
			isa = PBXVariantGroup;
			children = (
				A278A7A1205102C0002864B6 /* Base */,
			);
			name = Main.storyboard;
			sourceTree = "<group>";
		};
		A278A7A5205102C0002864B6 /* LaunchScreen.storyboard */ = {
			isa = PBXVariantGroup;
			children = (
				A278A7A6205102C0002864B6 /* Base */,
			);
			name = LaunchScreen.storyboard;
			sourceTree = "<group>";
		};
/* End PBXVariantGroup section */

/* Begin XCBuildConfiguration section */
		A278A7BF205102C0002864B6 /* Debug */ = {
			isa = XCBuildConfiguration;
			buildSettings = {
				ALWAYS_SEARCH_USER_PATHS = NO;
				CLANG_ANALYZER_NONNULL = YES;
				CLANG_ANALYZER_NUMBER_OBJECT_CONVERSION = YES_AGGRESSIVE;
				CLANG_CXX_LANGUAGE_STANDARD = "gnu++14";
				CLANG_CXX_LIBRARY = "libc++";
				CLANG_ENABLE_MODULES = YES;
				CLANG_ENABLE_OBJC_ARC = YES;
				CLANG_WARN_BLOCK_CAPTURE_AUTORELEASING = YES;
				CLANG_WARN_BOOL_CONVERSION = YES;
				CLANG_WARN_COMMA = YES;
				CLANG_WARN_CONSTANT_CONVERSION = YES;
				CLANG_WARN_DIRECT_OBJC_ISA_USAGE = YES_ERROR;
				CLANG_WARN_DOCUMENTATION_COMMENTS = YES;
				CLANG_WARN_EMPTY_BODY = YES;
				CLANG_WARN_ENUM_CONVERSION = YES;
				CLANG_WARN_INFINITE_RECURSION = YES;
				CLANG_WARN_INT_CONVERSION = YES;
				CLANG_WARN_NON_LITERAL_NULL_CONVERSION = YES;
				CLANG_WARN_OBJC_LITERAL_CONVERSION = YES;
				CLANG_WARN_OBJC_ROOT_CLASS = YES_ERROR;
				CLANG_WARN_RANGE_LOOP_ANALYSIS = YES;
				CLANG_WARN_STRICT_PROTOTYPES = YES;
				CLANG_WARN_SUSPICIOUS_MOVE = YES;
				CLANG_WARN_UNGUARDED_AVAILABILITY = YES_AGGRESSIVE;
				CLANG_WARN_UNREACHABLE_CODE = YES;
				CLANG_WARN__DUPLICATE_METHOD_MATCH = YES;
				CODE_SIGN_IDENTITY = "iPhone Developer";
				COPY_PHASE_STRIP = NO;
				DEBUG_INFORMATION_FORMAT = dwarf;
				ENABLE_STRICT_OBJC_MSGSEND = YES;
				ENABLE_TESTABILITY = YES;
				GCC_C_LANGUAGE_STANDARD = gnu11;
				GCC_DYNAMIC_NO_PIC = NO;
				GCC_NO_COMMON_BLOCKS = YES;
				GCC_OPTIMIZATION_LEVEL = 0;
				GCC_PREPROCESSOR_DEFINITIONS = (
					"DEBUG=1",
					"$(inherited)",
				);
				GCC_WARN_64_TO_32_BIT_CONVERSION = YES;
				GCC_WARN_ABOUT_RETURN_TYPE = YES_ERROR;
				GCC_WARN_UNDECLARED_SELECTOR = YES;
				GCC_WARN_UNINITIALIZED_AUTOS = YES_AGGRESSIVE;
				GCC_WARN_UNUSED_FUNCTION = YES;
				GCC_WARN_UNUSED_VARIABLE = YES;
				IPHONEOS_DEPLOYMENT_TARGET = 11.2;
				MTL_ENABLE_DEBUG_INFO = YES;
				ONLY_ACTIVE_ARCH = YES;
				SDKROOT = iphoneos;
				SWIFT_ACTIVE_COMPILATION_CONDITIONS = DEBUG;
				SWIFT_OPTIMIZATION_LEVEL = "-Onone";
			};
			name = Debug;
		};
		A278A7C0205102C0002864B6 /* Release */ = {
			isa = XCBuildConfiguration;
			buildSettings = {
				ALWAYS_SEARCH_USER_PATHS = NO;
				CLANG_ANALYZER_NONNULL = YES;
				CLANG_ANALYZER_NUMBER_OBJECT_CONVERSION = YES_AGGRESSIVE;
				CLANG_CXX_LANGUAGE_STANDARD = "gnu++14";
				CLANG_CXX_LIBRARY = "libc++";
				CLANG_ENABLE_MODULES = YES;
				CLANG_ENABLE_OBJC_ARC = YES;
				CLANG_WARN_BLOCK_CAPTURE_AUTORELEASING = YES;
				CLANG_WARN_BOOL_CONVERSION = YES;
				CLANG_WARN_COMMA = YES;
				CLANG_WARN_CONSTANT_CONVERSION = YES;
				CLANG_WARN_DIRECT_OBJC_ISA_USAGE = YES_ERROR;
				CLANG_WARN_DOCUMENTATION_COMMENTS = YES;
				CLANG_WARN_EMPTY_BODY = YES;
				CLANG_WARN_ENUM_CONVERSION = YES;
				CLANG_WARN_INFINITE_RECURSION = YES;
				CLANG_WARN_INT_CONVERSION = YES;
				CLANG_WARN_NON_LITERAL_NULL_CONVERSION = YES;
				CLANG_WARN_OBJC_LITERAL_CONVERSION = YES;
				CLANG_WARN_OBJC_ROOT_CLASS = YES_ERROR;
				CLANG_WARN_RANGE_LOOP_ANALYSIS = YES;
				CLANG_WARN_STRICT_PROTOTYPES = YES;
				CLANG_WARN_SUSPICIOUS_MOVE = YES;
				CLANG_WARN_UNGUARDED_AVAILABILITY = YES_AGGRESSIVE;
				CLANG_WARN_UNREACHABLE_CODE = YES;
				CLANG_WARN__DUPLICATE_METHOD_MATCH = YES;
				CODE_SIGN_IDENTITY = "iPhone Developer";
				COPY_PHASE_STRIP = NO;
				DEBUG_INFORMATION_FORMAT = "dwarf-with-dsym";
				ENABLE_NS_ASSERTIONS = NO;
				ENABLE_STRICT_OBJC_MSGSEND = YES;
				GCC_C_LANGUAGE_STANDARD = gnu11;
				GCC_NO_COMMON_BLOCKS = YES;
				GCC_WARN_64_TO_32_BIT_CONVERSION = YES;
				GCC_WARN_ABOUT_RETURN_TYPE = YES_ERROR;
				GCC_WARN_UNDECLARED_SELECTOR = YES;
				GCC_WARN_UNINITIALIZED_AUTOS = YES_AGGRESSIVE;
				GCC_WARN_UNUSED_FUNCTION = YES;
				GCC_WARN_UNUSED_VARIABLE = YES;
				IPHONEOS_DEPLOYMENT_TARGET = 11.2;
				MTL_ENABLE_DEBUG_INFO = NO;
				SDKROOT = iphoneos;
				SWIFT_OPTIMIZATION_LEVEL = "-Owholemodule";
				VALIDATE_PRODUCT = YES;
			};
			name = Release;
		};
		A278A7C2205102C0002864B6 /* Debug */ = {
			isa = XCBuildConfiguration;
			buildSettings = {
				ASSETCATALOG_COMPILER_APPICON_NAME = AppIcon;
				CODE_SIGN_STYLE = Manual;
				DEVELOPMENT_TEAM = "";
				INFOPLIST_FILE = Tipster/Info.plist;
				LD_RUNPATH_SEARCH_PATHS = "$(inherited) @executable_path/Frameworks";
				PRODUCT_BUNDLE_IDENTIFIER = "DINDIN-Corporation.Tipster";
				PRODUCT_NAME = "$(TARGET_NAME)";
				PROVISIONING_PROFILE_SPECIFIER = "";
				SWIFT_VERSION = 4.0;
				TARGETED_DEVICE_FAMILY = "1,2";
			};
			name = Debug;
		};
		A278A7C3205102C0002864B6 /* Release */ = {
			isa = XCBuildConfiguration;
			buildSettings = {
				ASSETCATALOG_COMPILER_APPICON_NAME = AppIcon;
				CODE_SIGN_STYLE = Manual;
				DEVELOPMENT_TEAM = "";
				INFOPLIST_FILE = Tipster/Info.plist;
				LD_RUNPATH_SEARCH_PATHS = "$(inherited) @executable_path/Frameworks";
				PRODUCT_BUNDLE_IDENTIFIER = "DINDIN-Corporation.Tipster";
				PRODUCT_NAME = "$(TARGET_NAME)";
				PROVISIONING_PROFILE_SPECIFIER = "";
				SWIFT_VERSION = 4.0;
				TARGETED_DEVICE_FAMILY = "1,2";
			};
			name = Release;
		};
		A278A7C5205102C0002864B6 /* Debug */ = {
			isa = XCBuildConfiguration;
			buildSettings = {
				ALWAYS_EMBED_SWIFT_STANDARD_LIBRARIES = YES;
				BUNDLE_LOADER = "$(TEST_HOST)";
				CODE_SIGN_STYLE = Automatic;
				INFOPLIST_FILE = TipsterTests/Info.plist;
				LD_RUNPATH_SEARCH_PATHS = "$(inherited) @executable_path/Frameworks @loader_path/Frameworks";
				PRODUCT_BUNDLE_IDENTIFIER = "DINDIN-Corporation.TipsterTests";
				PRODUCT_NAME = "$(TARGET_NAME)";
				SWIFT_VERSION = 4.0;
				TARGETED_DEVICE_FAMILY = "1,2";
				TEST_HOST = "$(BUILT_PRODUCTS_DIR)/Tipster.app/Tipster";
			};
			name = Debug;
		};
		A278A7C6205102C0002864B6 /* Release */ = {
			isa = XCBuildConfiguration;
			buildSettings = {
				ALWAYS_EMBED_SWIFT_STANDARD_LIBRARIES = YES;
				BUNDLE_LOADER = "$(TEST_HOST)";
				CODE_SIGN_STYLE = Automatic;
				INFOPLIST_FILE = TipsterTests/Info.plist;
				LD_RUNPATH_SEARCH_PATHS = "$(inherited) @executable_path/Frameworks @loader_path/Frameworks";
				PRODUCT_BUNDLE_IDENTIFIER = "DINDIN-Corporation.TipsterTests";
				PRODUCT_NAME = "$(TARGET_NAME)";
				SWIFT_VERSION = 4.0;
				TARGETED_DEVICE_FAMILY = "1,2";
				TEST_HOST = "$(BUILT_PRODUCTS_DIR)/Tipster.app/Tipster";
			};
			name = Release;
		};
		A278A7C8205102C0002864B6 /* Debug */ = {
			isa = XCBuildConfiguration;
			buildSettings = {
				ALWAYS_EMBED_SWIFT_STANDARD_LIBRARIES = YES;
				CODE_SIGN_STYLE = Automatic;
				INFOPLIST_FILE = TipsterUITests/Info.plist;
				LD_RUNPATH_SEARCH_PATHS = "$(inherited) @executable_path/Frameworks @loader_path/Frameworks";
				PRODUCT_BUNDLE_IDENTIFIER = "DINDIN-Corporation.TipsterUITests";
				PRODUCT_NAME = "$(TARGET_NAME)";
				SWIFT_VERSION = 4.0;
				TARGETED_DEVICE_FAMILY = "1,2";
				TEST_TARGET_NAME = Tipster;
			};
			name = Debug;
		};
		A278A7C9205102C0002864B6 /* Release */ = {
			isa = XCBuildConfiguration;
			buildSettings = {
				ALWAYS_EMBED_SWIFT_STANDARD_LIBRARIES = YES;
				CODE_SIGN_STYLE = Automatic;
				INFOPLIST_FILE = TipsterUITests/Info.plist;
				LD_RUNPATH_SEARCH_PATHS = "$(inherited) @executable_path/Frameworks @loader_path/Frameworks";
				PRODUCT_BUNDLE_IDENTIFIER = "DINDIN-Corporation.TipsterUITests";
				PRODUCT_NAME = "$(TARGET_NAME)";
				SWIFT_VERSION = 4.0;
				TARGETED_DEVICE_FAMILY = "1,2";
				TEST_TARGET_NAME = Tipster;
			};
			name = Release;
		};
/* End XCBuildConfiguration section */

/* Begin XCConfigurationList section */
		A278A794205102BF002864B6 /* Build configuration list for PBXProject "Tipster" */ = {
			isa = XCConfigurationList;
			buildConfigurations = (
				A278A7BF205102C0002864B6 /* Debug */,
				A278A7C0205102C0002864B6 /* Release */,
			);
			defaultConfigurationIsVisible = 0;
			defaultConfigurationName = Release;
		};
		A278A7C1205102C0002864B6 /* Build configuration list for PBXNativeTarget "Tipster" */ = {
			isa = XCConfigurationList;
			buildConfigurations = (
				A278A7C2205102C0002864B6 /* Debug */,
				A278A7C3205102C0002864B6 /* Release */,
			);
			defaultConfigurationIsVisible = 0;
			defaultConfigurationName = Release;
		};
		A278A7C4205102C0002864B6 /* Build configuration list for PBXNativeTarget "TipsterTests" */ = {
			isa = XCConfigurationList;
			buildConfigurations = (
				A278A7C5205102C0002864B6 /* Debug */,
				A278A7C6205102C0002864B6 /* Release */,
			);
			defaultConfigurationIsVisible = 0;
			defaultConfigurationName = Release;
		};
		A278A7C7205102C0002864B6 /* Build configuration list for PBXNativeTarget "TipsterUITests" */ = {
			isa = XCConfigurationList;
			buildConfigurations = (
				A278A7C8205102C0002864B6 /* Debug */,
				A278A7C9205102C0002864B6 /* Release */,
			);
			defaultConfigurationIsVisible = 0;
			defaultConfigurationName = Release;
		};
/* End XCConfigurationList section */
	};
	rootObject = A278A791205102BF002864B6 /* Project object */;
}
